// !$*UTF8*$!
{
	archiveVersion = 1;
	classes = {
	};
	objectVersion = 50;
	objects = {

/* Begin PBXBuildFile section */
		FB5F3DDA23F70249001B9899 /* AppDelegate.swift in Sources */ = {isa = PBXBuildFile; fileRef = FB5F3DD923F70249001B9899 /* AppDelegate.swift */; };
		FB5F3DDC23F70249001B9899 /* SceneDelegate.swift in Sources */ = {isa = PBXBuildFile; fileRef = FB5F3DDB23F70249001B9899 /* SceneDelegate.swift */; };
		FB5F3DE123F70249001B9899 /* Main.storyboard in Resources */ = {isa = PBXBuildFile; fileRef = FB5F3DDF23F70249001B9899 /* Main.storyboard */; };
		FB5F3DE323F7024F001B9899 /* Assets.xcassets in Resources */ = {isa = PBXBuildFile; fileRef = FB5F3DE223F7024F001B9899 /* Assets.xcassets */; };
		FB5F3DE623F7024F001B9899 /* LaunchScreen.storyboard in Resources */ = {isa = PBXBuildFile; fileRef = FB5F3DE423F7024F001B9899 /* LaunchScreen.storyboard */; };
		FB5F3DEF23F70264001B9899 /* MapKit.framework in Frameworks */ = {isa = PBXBuildFile; fileRef = FB5F3DEE23F70264001B9899 /* MapKit.framework */; };
		FB5F3DF223F709E4001B9899 /* CameraPreviewView.swift in Sources */ = {isa = PBXBuildFile; fileRef = FB5F3DF123F709E4001B9899 /* CameraPreviewView.swift */; };
		FB5F3DF523F71868001B9899 /* Experience.swift in Sources */ = {isa = PBXBuildFile; fileRef = FB5F3DF423F71868001B9899 /* Experience.swift */; };
		FB5F3DF823F719D4001B9899 /* ExperienceController.swift in Sources */ = {isa = PBXBuildFile; fileRef = FB5F3DF723F719D4001B9899 /* ExperienceController.swift */; };
		FB5F3DFB23F71BB9001B9899 /* Experience+MKAnnotation.swift in Sources */ = {isa = PBXBuildFile; fileRef = FB5F3DFA23F71BB9001B9899 /* Experience+MKAnnotation.swift */; };
		FB5F3DFD23F71BCE001B9899 /* UIImage+Scaling.swift in Sources */ = {isa = PBXBuildFile; fileRef = FB5F3DFC23F71BCE001B9899 /* UIImage+Scaling.swift */; };
		FB5F3DFF23F71C5C001B9899 /* UIViewController+InformationAlert.swift in Sources */ = {isa = PBXBuildFile; fileRef = FB5F3DFE23F71C5C001B9899 /* UIViewController+InformationAlert.swift */; };
		FB5F3E0123F72113001B9899 /* LocationManager.swift in Sources */ = {isa = PBXBuildFile; fileRef = FB5F3E0023F72113001B9899 /* LocationManager.swift */; };
		FB5F3E0323F7226E001B9899 /* ExperienceTableViewController.swift in Sources */ = {isa = PBXBuildFile; fileRef = FB5F3E0223F7226E001B9899 /* ExperienceTableViewController.swift */; };
		FB5F3E0623F725C3001B9899 /* VideoViewController.swift in Sources */ = {isa = PBXBuildFile; fileRef = FB5F3E0523F725C3001B9899 /* VideoViewController.swift */; };
		FB5F3E0823F725D7001B9899 /* AudioViewController.swift in Sources */ = {isa = PBXBuildFile; fileRef = FB5F3E0723F725D7001B9899 /* AudioViewController.swift */; };
		FB5F3E0A23F725F3001B9899 /* ImageViewController.swift in Sources */ = {isa = PBXBuildFile; fileRef = FB5F3E0923F725F3001B9899 /* ImageViewController.swift */; };
		FB5F3E0C23F79679001B9899 /* MapViewController.swift in Sources */ = {isa = PBXBuildFile; fileRef = FB5F3E0B23F79679001B9899 /* MapViewController.swift */; };
		FB5F3E0E23F9D344001B9899 /* AudioVisualizer.swift in Sources */ = {isa = PBXBuildFile; fileRef = FB5F3E0D23F9D344001B9899 /* AudioVisualizer.swift */; };
/* End PBXBuildFile section */

/* Begin PBXFileReference section */
		FB5F3DD623F70249001B9899 /* Sprint13Experiences.app */ = {isa = PBXFileReference; explicitFileType = wrapper.application; includeInIndex = 0; path = Sprint13Experiences.app; sourceTree = BUILT_PRODUCTS_DIR; };
		FB5F3DD923F70249001B9899 /* AppDelegate.swift */ = {isa = PBXFileReference; lastKnownFileType = sourcecode.swift; path = AppDelegate.swift; sourceTree = "<group>"; };
		FB5F3DDB23F70249001B9899 /* SceneDelegate.swift */ = {isa = PBXFileReference; lastKnownFileType = sourcecode.swift; path = SceneDelegate.swift; sourceTree = "<group>"; };
		FB5F3DE023F70249001B9899 /* Base */ = {isa = PBXFileReference; lastKnownFileType = file.storyboard; name = Base; path = Base.lproj/Main.storyboard; sourceTree = "<group>"; };
		FB5F3DE223F7024F001B9899 /* Assets.xcassets */ = {isa = PBXFileReference; lastKnownFileType = folder.assetcatalog; path = Assets.xcassets; sourceTree = "<group>"; };
		FB5F3DE523F7024F001B9899 /* Base */ = {isa = PBXFileReference; lastKnownFileType = file.storyboard; name = Base; path = Base.lproj/LaunchScreen.storyboard; sourceTree = "<group>"; };
		FB5F3DE723F7024F001B9899 /* Info.plist */ = {isa = PBXFileReference; lastKnownFileType = text.plist.xml; path = Info.plist; sourceTree = "<group>"; };
		FB5F3DEE23F70264001B9899 /* MapKit.framework */ = {isa = PBXFileReference; lastKnownFileType = wrapper.framework; name = MapKit.framework; path = System/Library/Frameworks/MapKit.framework; sourceTree = SDKROOT; };
		FB5F3DF123F709E4001B9899 /* CameraPreviewView.swift */ = {isa = PBXFileReference; lastKnownFileType = sourcecode.swift; path = CameraPreviewView.swift; sourceTree = "<group>"; };
		FB5F3DF423F71868001B9899 /* Experience.swift */ = {isa = PBXFileReference; lastKnownFileType = sourcecode.swift; path = Experience.swift; sourceTree = "<group>"; };
		FB5F3DF723F719D4001B9899 /* ExperienceController.swift */ = {isa = PBXFileReference; lastKnownFileType = sourcecode.swift; path = ExperienceController.swift; sourceTree = "<group>"; };
		FB5F3DFA23F71BB9001B9899 /* Experience+MKAnnotation.swift */ = {isa = PBXFileReference; lastKnownFileType = sourcecode.swift; path = "Experience+MKAnnotation.swift"; sourceTree = "<group>"; };
		FB5F3DFC23F71BCE001B9899 /* UIImage+Scaling.swift */ = {isa = PBXFileReference; lastKnownFileType = sourcecode.swift; path = "UIImage+Scaling.swift"; sourceTree = "<group>"; };
		FB5F3DFE23F71C5C001B9899 /* UIViewController+InformationAlert.swift */ = {isa = PBXFileReference; lastKnownFileType = sourcecode.swift; path = "UIViewController+InformationAlert.swift"; sourceTree = "<group>"; };
		FB5F3E0023F72113001B9899 /* LocationManager.swift */ = {isa = PBXFileReference; lastKnownFileType = sourcecode.swift; path = LocationManager.swift; sourceTree = "<group>"; };
		FB5F3E0223F7226E001B9899 /* ExperienceTableViewController.swift */ = {isa = PBXFileReference; lastKnownFileType = sourcecode.swift; path = ExperienceTableViewController.swift; sourceTree = "<group>"; };
		FB5F3E0523F725C3001B9899 /* VideoViewController.swift */ = {isa = PBXFileReference; lastKnownFileType = sourcecode.swift; path = VideoViewController.swift; sourceTree = "<group>"; };
		FB5F3E0723F725D7001B9899 /* AudioViewController.swift */ = {isa = PBXFileReference; lastKnownFileType = sourcecode.swift; path = AudioViewController.swift; sourceTree = "<group>"; };
		FB5F3E0923F725F3001B9899 /* ImageViewController.swift */ = {isa = PBXFileReference; lastKnownFileType = sourcecode.swift; path = ImageViewController.swift; sourceTree = "<group>"; };
		FB5F3E0B23F79679001B9899 /* MapViewController.swift */ = {isa = PBXFileReference; lastKnownFileType = sourcecode.swift; path = MapViewController.swift; sourceTree = "<group>"; };
		FB5F3E0D23F9D344001B9899 /* AudioVisualizer.swift */ = {isa = PBXFileReference; lastKnownFileType = sourcecode.swift; path = AudioVisualizer.swift; sourceTree = "<group>"; };
/* End PBXFileReference section */

/* Begin PBXFrameworksBuildPhase section */
		FB5F3DD323F70249001B9899 /* Frameworks */ = {
			isa = PBXFrameworksBuildPhase;
			buildActionMask = 2147483647;
			files = (
				FB5F3DEF23F70264001B9899 /* MapKit.framework in Frameworks */,
			);
			runOnlyForDeploymentPostprocessing = 0;
		};
/* End PBXFrameworksBuildPhase section */

/* Begin PBXGroup section */
		FB5F3DCD23F70249001B9899 = {
			isa = PBXGroup;
			children = (
				FB5F3DD823F70249001B9899 /* Sprint13Experiences */,
				FB5F3DD723F70249001B9899 /* Products */,
				FB5F3DED23F70263001B9899 /* Frameworks */,
			);
			sourceTree = "<group>";
		};
		FB5F3DD723F70249001B9899 /* Products */ = {
			isa = PBXGroup;
			children = (
				FB5F3DD623F70249001B9899 /* Sprint13Experiences.app */,
			);
			name = Products;
			sourceTree = "<group>";
		};
		FB5F3DD823F70249001B9899 /* Sprint13Experiences */ = {
			isa = PBXGroup;
			children = (
				FB5F3DF023F709BF001B9899 /* Views */,
				FB5F3DD923F70249001B9899 /* AppDelegate.swift */,
				FB5F3DDB23F70249001B9899 /* SceneDelegate.swift */,
				FB5F3DDF23F70249001B9899 /* Main.storyboard */,
				FB5F3DE223F7024F001B9899 /* Assets.xcassets */,
				FB5F3DE423F7024F001B9899 /* LaunchScreen.storyboard */,
				FB5F3DE723F7024F001B9899 /* Info.plist */,
			);
			path = Sprint13Experiences;
			sourceTree = "<group>";
		};
		FB5F3DED23F70263001B9899 /* Frameworks */ = {
			isa = PBXGroup;
			children = (
				FB5F3DEE23F70264001B9899 /* MapKit.framework */,
			);
			name = Frameworks;
			sourceTree = "<group>";
		};
		FB5F3DF023F709BF001B9899 /* Views */ = {
			isa = PBXGroup;
			children = (
				FB5F3DF123F709E4001B9899 /* CameraPreviewView.swift */,
				FB5F3E0D23F9D344001B9899 /* AudioVisualizer.swift */,
				FB5F3E0423F72283001B9899 /* ViewControllers */,
				FB5F3DF323F71821001B9899 /* Models */,
				FB5F3DF623F719B1001B9899 /* ModelControllers */,
			);
			path = Views;
			sourceTree = "<group>";
		};
		FB5F3DF323F71821001B9899 /* Models */ = {
			isa = PBXGroup;
			children = (
				FB5F3DF423F71868001B9899 /* Experience.swift */,
			);
			path = Models;
			sourceTree = "<group>";
		};
		FB5F3DF623F719B1001B9899 /* ModelControllers */ = {
			isa = PBXGroup;
			children = (
				FB5F3DF723F719D4001B9899 /* ExperienceController.swift */,
				FB5F3DF923F71B8A001B9899 /* Helpers */,
			);
			path = ModelControllers;
			sourceTree = "<group>";
		};
		FB5F3DF923F71B8A001B9899 /* Helpers */ = {
			isa = PBXGroup;
			children = (
				FB5F3DFA23F71BB9001B9899 /* Experience+MKAnnotation.swift */,
				FB5F3DFC23F71BCE001B9899 /* UIImage+Scaling.swift */,
				FB5F3DFE23F71C5C001B9899 /* UIViewController+InformationAlert.swift */,
				FB5F3E0023F72113001B9899 /* LocationManager.swift */,
			);
			path = Helpers;
			sourceTree = "<group>";
		};
		FB5F3E0423F72283001B9899 /* ViewControllers */ = {
			isa = PBXGroup;
			children = (
				FB5F3E0223F7226E001B9899 /* ExperienceTableViewController.swift */,
				FB5F3E0523F725C3001B9899 /* VideoViewController.swift */,
				FB5F3E0723F725D7001B9899 /* AudioViewController.swift */,
				FB5F3E0923F725F3001B9899 /* ImageViewController.swift */,
				FB5F3E0B23F79679001B9899 /* MapViewController.swift */,
			);
			name = ViewControllers;
			path = ../..;
			sourceTree = "<group>";
		};
/* End PBXGroup section */

/* Begin PBXNativeTarget section */
		FB5F3DD523F70249001B9899 /* Sprint13Experiences */ = {
			isa = PBXNativeTarget;
			buildConfigurationList = FB5F3DEA23F7024F001B9899 /* Build configuration list for PBXNativeTarget "Sprint13Experiences" */;
			buildPhases = (
				FB5F3DD223F70249001B9899 /* Sources */,
				FB5F3DD323F70249001B9899 /* Frameworks */,
				FB5F3DD423F70249001B9899 /* Resources */,
			);
			buildRules = (
			);
			dependencies = (
			);
			name = Sprint13Experiences;
			productName = Sprint13Experiences;
			productReference = FB5F3DD623F70249001B9899 /* Sprint13Experiences.app */;
			productType = "com.apple.product-type.application";
		};
/* End PBXNativeTarget section */

/* Begin PBXProject section */
		FB5F3DCE23F70249001B9899 /* Project object */ = {
			isa = PBXProject;
			attributes = {
				LastSwiftUpdateCheck = 1110;
				LastUpgradeCheck = 1110;
				ORGANIZATIONNAME = Lambda_School_Loaner_219;
				TargetAttributes = {
					FB5F3DD523F70249001B9899 = {
						CreatedOnToolsVersion = 11.1;
					};
				};
			};
			buildConfigurationList = FB5F3DD123F70249001B9899 /* Build configuration list for PBXProject "Sprint13Experiences" */;
			compatibilityVersion = "Xcode 9.3";
			developmentRegion = en;
			hasScannedForEncodings = 0;
			knownRegions = (
				en,
				Base,
			);
			mainGroup = FB5F3DCD23F70249001B9899;
			productRefGroup = FB5F3DD723F70249001B9899 /* Products */;
			projectDirPath = "";
			projectRoot = "";
			targets = (
				FB5F3DD523F70249001B9899 /* Sprint13Experiences */,
			);
		};
/* End PBXProject section */

/* Begin PBXResourcesBuildPhase section */
		FB5F3DD423F70249001B9899 /* Resources */ = {
			isa = PBXResourcesBuildPhase;
			buildActionMask = 2147483647;
			files = (
				FB5F3DE623F7024F001B9899 /* LaunchScreen.storyboard in Resources */,
				FB5F3DE323F7024F001B9899 /* Assets.xcassets in Resources */,
				FB5F3DE123F70249001B9899 /* Main.storyboard in Resources */,
			);
			runOnlyForDeploymentPostprocessing = 0;
		};
/* End PBXResourcesBuildPhase section */

/* Begin PBXSourcesBuildPhase section */
		FB5F3DD223F70249001B9899 /* Sources */ = {
			isa = PBXSourcesBuildPhase;
			buildActionMask = 2147483647;
			files = (
				FB5F3DFF23F71C5C001B9899 /* UIViewController+InformationAlert.swift in Sources */,
				FB5F3DDA23F70249001B9899 /* AppDelegate.swift in Sources */,
				FB5F3DDC23F70249001B9899 /* SceneDelegate.swift in Sources */,
				FB5F3DFB23F71BB9001B9899 /* Experience+MKAnnotation.swift in Sources */,
				FB5F3E0E23F9D344001B9899 /* AudioVisualizer.swift in Sources */,
				FB5F3DF223F709E4001B9899 /* CameraPreviewView.swift in Sources */,
				FB5F3E0823F725D7001B9899 /* AudioViewController.swift in Sources */,
				FB5F3E0A23F725F3001B9899 /* ImageViewController.swift in Sources */,
				FB5F3DF523F71868001B9899 /* Experience.swift in Sources */,
				FB5F3E0623F725C3001B9899 /* VideoViewController.swift in Sources */,
				FB5F3DF823F719D4001B9899 /* ExperienceController.swift in Sources */,
				FB5F3DFD23F71BCE001B9899 /* UIImage+Scaling.swift in Sources */,
				FB5F3E0123F72113001B9899 /* LocationManager.swift in Sources */,
				FB5F3E0323F7226E001B9899 /* ExperienceTableViewController.swift in Sources */,
				FB5F3E0C23F79679001B9899 /* MapViewController.swift in Sources */,
			);
			runOnlyForDeploymentPostprocessing = 0;
		};
/* End PBXSourcesBuildPhase section */

/* Begin PBXVariantGroup section */
		FB5F3DDF23F70249001B9899 /* Main.storyboard */ = {
			isa = PBXVariantGroup;
			children = (
				FB5F3DE023F70249001B9899 /* Base */,
			);
			name = Main.storyboard;
			sourceTree = "<group>";
		};
		FB5F3DE423F7024F001B9899 /* LaunchScreen.storyboard */ = {
			isa = PBXVariantGroup;
			children = (
				FB5F3DE523F7024F001B9899 /* Base */,
			);
			name = LaunchScreen.storyboard;
			sourceTree = "<group>";
		};
/* End PBXVariantGroup section */

/* Begin XCBuildConfiguration section */
		FB5F3DE823F7024F001B9899 /* Debug */ = {
			isa = XCBuildConfiguration;
			buildSettings = {
				ALWAYS_SEARCH_USER_PATHS = NO;
				CLANG_ANALYZER_NONNULL = YES;
				CLANG_ANALYZER_NUMBER_OBJECT_CONVERSION = YES_AGGRESSIVE;
				CLANG_CXX_LANGUAGE_STANDARD = "gnu++14";
				CLANG_CXX_LIBRARY = "libc++";
				CLANG_ENABLE_MODULES = YES;
				CLANG_ENABLE_OBJC_ARC = YES;
				CLANG_ENABLE_OBJC_WEAK = YES;
				CLANG_WARN_BLOCK_CAPTURE_AUTORELEASING = YES;
				CLANG_WARN_BOOL_CONVERSION = YES;
				CLANG_WARN_COMMA = YES;
				CLANG_WARN_CONSTANT_CONVERSION = YES;
				CLANG_WARN_DEPRECATED_OBJC_IMPLEMENTATIONS = YES;
				CLANG_WARN_DIRECT_OBJC_ISA_USAGE = YES_ERROR;
				CLANG_WARN_DOCUMENTATION_COMMENTS = YES;
				CLANG_WARN_EMPTY_BODY = YES;
				CLANG_WARN_ENUM_CONVERSION = YES;
				CLANG_WARN_INFINITE_RECURSION = YES;
				CLANG_WARN_INT_CONVERSION = YES;
				CLANG_WARN_NON_LITERAL_NULL_CONVERSION = YES;
				CLANG_WARN_OBJC_IMPLICIT_RETAIN_SELF = YES;
				CLANG_WARN_OBJC_LITERAL_CONVERSION = YES;
				CLANG_WARN_OBJC_ROOT_CLASS = YES_ERROR;
				CLANG_WARN_RANGE_LOOP_ANALYSIS = YES;
				CLANG_WARN_STRICT_PROTOTYPES = YES;
				CLANG_WARN_SUSPICIOUS_MOVE = YES;
				CLANG_WARN_UNGUARDED_AVAILABILITY = YES_AGGRESSIVE;
				CLANG_WARN_UNREACHABLE_CODE = YES;
				CLANG_WARN__DUPLICATE_METHOD_MATCH = YES;
				COPY_PHASE_STRIP = NO;
				DEBUG_INFORMATION_FORMAT = dwarf;
				ENABLE_STRICT_OBJC_MSGSEND = YES;
				ENABLE_TESTABILITY = YES;
				GCC_C_LANGUAGE_STANDARD = gnu11;
				GCC_DYNAMIC_NO_PIC = NO;
				GCC_NO_COMMON_BLOCKS = YES;
				GCC_OPTIMIZATION_LEVEL = 0;
				GCC_PREPROCESSOR_DEFINITIONS = (
					"DEBUG=1",
					"$(inherited)",
				);
				GCC_WARN_64_TO_32_BIT_CONVERSION = YES;
				GCC_WARN_ABOUT_RETURN_TYPE = YES_ERROR;
				GCC_WARN_UNDECLARED_SELECTOR = YES;
				GCC_WARN_UNINITIALIZED_AUTOS = YES_AGGRESSIVE;
				GCC_WARN_UNUSED_FUNCTION = YES;
				GCC_WARN_UNUSED_VARIABLE = YES;
				IPHONEOS_DEPLOYMENT_TARGET = 13.1;
				MTL_ENABLE_DEBUG_INFO = INCLUDE_SOURCE;
				MTL_FAST_MATH = YES;
				ONLY_ACTIVE_ARCH = YES;
				SDKROOT = iphoneos;
				SWIFT_ACTIVE_COMPILATION_CONDITIONS = DEBUG;
				SWIFT_OPTIMIZATION_LEVEL = "-Onone";
			};
			name = Debug;
		};
		FB5F3DE923F7024F001B9899 /* Release */ = {
			isa = XCBuildConfiguration;
			buildSettings = {
				ALWAYS_SEARCH_USER_PATHS = NO;
				CLANG_ANALYZER_NONNULL = YES;
				CLANG_ANALYZER_NUMBER_OBJECT_CONVERSION = YES_AGGRESSIVE;
				CLANG_CXX_LANGUAGE_STANDARD = "gnu++14";
				CLANG_CXX_LIBRARY = "libc++";
				CLANG_ENABLE_MODULES = YES;
				CLANG_ENABLE_OBJC_ARC = YES;
				CLANG_ENABLE_OBJC_WEAK = YES;
				CLANG_WARN_BLOCK_CAPTURE_AUTORELEASING = YES;
				CLANG_WARN_BOOL_CONVERSION = YES;
				CLANG_WARN_COMMA = YES;
				CLANG_WARN_CONSTANT_CONVERSION = YES;
				CLANG_WARN_DEPRECATED_OBJC_IMPLEMENTATIONS = YES;
				CLANG_WARN_DIRECT_OBJC_ISA_USAGE = YES_ERROR;
				CLANG_WARN_DOCUMENTATION_COMMENTS = YES;
				CLANG_WARN_EMPTY_BODY = YES;
				CLANG_WARN_ENUM_CONVERSION = YES;
				CLANG_WARN_INFINITE_RECURSION = YES;
				CLANG_WARN_INT_CONVERSION = YES;
				CLANG_WARN_NON_LITERAL_NULL_CONVERSION = YES;
				CLANG_WARN_OBJC_IMPLICIT_RETAIN_SELF = YES;
				CLANG_WARN_OBJC_LITERAL_CONVERSION = YES;
				CLANG_WARN_OBJC_ROOT_CLASS = YES_ERROR;
				CLANG_WARN_RANGE_LOOP_ANALYSIS = YES;
				CLANG_WARN_STRICT_PROTOTYPES = YES;
				CLANG_WARN_SUSPICIOUS_MOVE = YES;
				CLANG_WARN_UNGUARDED_AVAILABILITY = YES_AGGRESSIVE;
				CLANG_WARN_UNREACHABLE_CODE = YES;
				CLANG_WARN__DUPLICATE_METHOD_MATCH = YES;
				COPY_PHASE_STRIP = NO;
				DEBUG_INFORMATION_FORMAT = "dwarf-with-dsym";
				ENABLE_NS_ASSERTIONS = NO;
				ENABLE_STRICT_OBJC_MSGSEND = YES;
				GCC_C_LANGUAGE_STANDARD = gnu11;
				GCC_NO_COMMON_BLOCKS = YES;
				GCC_WARN_64_TO_32_BIT_CONVERSION = YES;
				GCC_WARN_ABOUT_RETURN_TYPE = YES_ERROR;
				GCC_WARN_UNDECLARED_SELECTOR = YES;
				GCC_WARN_UNINITIALIZED_AUTOS = YES_AGGRESSIVE;
				GCC_WARN_UNUSED_FUNCTION = YES;
				GCC_WARN_UNUSED_VARIABLE = YES;
				IPHONEOS_DEPLOYMENT_TARGET = 13.1;
				MTL_ENABLE_DEBUG_INFO = NO;
				MTL_FAST_MATH = YES;
				SDKROOT = iphoneos;
				SWIFT_COMPILATION_MODE = wholemodule;
				SWIFT_OPTIMIZATION_LEVEL = "-O";
				VALIDATE_PRODUCT = YES;
			};
			name = Release;
		};
		FB5F3DEB23F7024F001B9899 /* Debug */ = {
			isa = XCBuildConfiguration;
			buildSettings = {
				ASSETCATALOG_COMPILER_APPICON_NAME = AppIcon;
				CODE_SIGN_STYLE = Automatic;
				DEVELOPMENT_TEAM = 4JYCUK7B5K;
				INFOPLIST_FILE = Sprint13Experiences/Info.plist;
				LD_RUNPATH_SEARCH_PATHS = (
					"$(inherited)",
					"@executable_path/Frameworks",
				);
				PRODUCT_BUNDLE_IDENTIFIER = lambda.Sprint13Experiences;
				PRODUCT_NAME = "$(TARGET_NAME)";
				SWIFT_VERSION = 5.0;
				TARGETED_DEVICE_FAMILY = "1,2";
			};
			name = Debug;
		};
		FB5F3DEC23F7024F001B9899 /* Release */ = {
			isa = XCBuildConfiguration;
			buildSettings = {
				ASSETCATALOG_COMPILER_APPICON_NAME = AppIcon;
				CODE_SIGN_STYLE = Automatic;
				DEVELOPMENT_TEAM = 4JYCUK7B5K;
				INFOPLIST_FILE = Sprint13Experiences/Info.plist;
				LD_RUNPATH_SEARCH_PATHS = (
					"$(inherited)",
					"@executable_path/Frameworks",
				);
				PRODUCT_BUNDLE_IDENTIFIER = lambda.Sprint13Experiences;
				PRODUCT_NAME = "$(TARGET_NAME)";
				SWIFT_VERSION = 5.0;
				TARGETED_DEVICE_FAMILY = "1,2";
			};
			name = Release;
		};
/* End XCBuildConfiguration section */

/* Begin XCConfigurationList section */
		FB5F3DD123F70249001B9899 /* Build configuration list for PBXProject "Sprint13Experiences" */ = {
			isa = XCConfigurationList;
			buildConfigurations = (
				FB5F3DE823F7024F001B9899 /* Debug */,
				FB5F3DE923F7024F001B9899 /* Release */,
			);
			defaultConfigurationIsVisible = 0;
			defaultConfigurationName = Release;
		};
		FB5F3DEA23F7024F001B9899 /* Build configuration list for PBXNativeTarget "Sprint13Experiences" */ = {
			isa = XCConfigurationList;
			buildConfigurations = (
				FB5F3DEB23F7024F001B9899 /* Debug */,
				FB5F3DEC23F7024F001B9899 /* Release */,
			);
			defaultConfigurationIsVisible = 0;
			defaultConfigurationName = Release;
		};
/* End XCConfigurationList section */
	};
	rootObject = FB5F3DCE23F70249001B9899 /* Project object */;
}
